// !$*UTF8*$!
{
	archiveVersion = 1;
	classes = {
	};
	objectVersion = 55;
	objects = {

/* Begin PBXBuildFile section */
		3F0B82E128387DAA00BB4B79 /* AppDelegate.m in Sources */ = {isa = PBXBuildFile; fileRef = 3F0B82E028387DAA00BB4B79 /* AppDelegate.m */; };
		3F0B82E728387DAA00BB4B79 /* ViewController.m in Sources */ = {isa = PBXBuildFile; fileRef = 3F0B82E628387DAA00BB4B79 /* ViewController.m */; };
		3F0B82EC28387DAB00BB4B79 /* Assets.xcassets in Resources */ = {isa = PBXBuildFile; fileRef = 3F0B82EB28387DAB00BB4B79 /* Assets.xcassets */; };
		3F0B82EF28387DAB00BB4B79 /* LaunchScreen.storyboard in Resources */ = {isa = PBXBuildFile; fileRef = 3F0B82ED28387DAB00BB4B79 /* LaunchScreen.storyboard */; };
		3F0B82F228387DAB00BB4B79 /* main.m in Sources */ = {isa = PBXBuildFile; fileRef = 3F0B82F128387DAB00BB4B79 /* main.m */; };
		3F0B82F828387E3D00BB4B79 /* UIDrawerController.m in Sources */ = {isa = PBXBuildFile; fileRef = 3F0B82F728387E3D00BB4B79 /* UIDrawerController.m */; };
		3F0B82FB2838814500BB4B79 /* ListViewController.m in Sources */ = {isa = PBXBuildFile; fileRef = 3F0B82FA2838814500BB4B79 /* ListViewController.m */; };
		3F0B82FE2838837700BB4B79 /* UIView+Frame.m in Sources */ = {isa = PBXBuildFile; fileRef = 3F0B82FD2838837700BB4B79 /* UIView+Frame.m */; };
/* End PBXBuildFile section */

/* Begin PBXFileReference section */
		3F0B82DD28387DAA00BB4B79 /* UIDrawerControllerDemo.app */ = {isa = PBXFileReference; explicitFileType = wrapper.application; includeInIndex = 0; path = UIDrawerControllerDemo.app; sourceTree = BUILT_PRODUCTS_DIR; };
		3F0B82DF28387DAA00BB4B79 /* AppDelegate.h */ = {isa = PBXFileReference; lastKnownFileType = sourcecode.c.h; path = AppDelegate.h; sourceTree = "<group>"; };
		3F0B82E028387DAA00BB4B79 /* AppDelegate.m */ = {isa = PBXFileReference; lastKnownFileType = sourcecode.c.objc; path = AppDelegate.m; sourceTree = "<group>"; };
		3F0B82E528387DAA00BB4B79 /* ViewController.h */ = {isa = PBXFileReference; lastKnownFileType = sourcecode.c.h; path = ViewController.h; sourceTree = "<group>"; };
		3F0B82E628387DAA00BB4B79 /* ViewController.m */ = {isa = PBXFileReference; lastKnownFileType = sourcecode.c.objc; path = ViewController.m; sourceTree = "<group>"; };
		3F0B82EB28387DAB00BB4B79 /* Assets.xcassets */ = {isa = PBXFileReference; lastKnownFileType = folder.assetcatalog; path = Assets.xcassets; sourceTree = "<group>"; };
		3F0B82EE28387DAB00BB4B79 /* Base */ = {isa = PBXFileReference; lastKnownFileType = file.storyboard; name = Base; path = Base.lproj/LaunchScreen.storyboard; sourceTree = "<group>"; };
		3F0B82F028387DAB00BB4B79 /* Info.plist */ = {isa = PBXFileReference; lastKnownFileType = text.plist.xml; path = Info.plist; sourceTree = "<group>"; };
		3F0B82F128387DAB00BB4B79 /* main.m */ = {isa = PBXFileReference; lastKnownFileType = sourcecode.c.objc; path = main.m; sourceTree = "<group>"; };
		3F0B82F628387E3D00BB4B79 /* UIDrawerController.h */ = {isa = PBXFileReference; lastKnownFileType = sourcecode.c.h; path = UIDrawerController.h; sourceTree = "<group>"; };
		3F0B82F728387E3D00BB4B79 /* UIDrawerController.m */ = {isa = PBXFileReference; lastKnownFileType = sourcecode.c.objc; path = UIDrawerController.m; sourceTree = "<group>"; };
		3F0B82F92838814500BB4B79 /* ListViewController.h */ = {isa = PBXFileReference; lastKnownFileType = sourcecode.c.h; path = ListViewController.h; sourceTree = "<group>"; };
		3F0B82FA2838814500BB4B79 /* ListViewController.m */ = {isa = PBXFileReference; lastKnownFileType = sourcecode.c.objc; path = ListViewController.m; sourceTree = "<group>"; };
		3F0B82FC2838837700BB4B79 /* UIView+Frame.h */ = {isa = PBXFileReference; lastKnownFileType = sourcecode.c.h; path = "UIView+Frame.h"; sourceTree = "<group>"; };
		3F0B82FD2838837700BB4B79 /* UIView+Frame.m */ = {isa = PBXFileReference; lastKnownFileType = sourcecode.c.objc; path = "UIView+Frame.m"; sourceTree = "<group>"; };
/* End PBXFileReference section */

/* Begin PBXFrameworksBuildPhase section */
		3F0B82DA28387DAA00BB4B79 /* Frameworks */ = {
			isa = PBXFrameworksBuildPhase;
			buildActionMask = 2147483647;
			files = (
			);
			runOnlyForDeploymentPostprocessing = 0;
		};
/* End PBXFrameworksBuildPhase section */

/* Begin PBXGroup section */
		3F0B82B428387D5F00BB4B79 = {
			isa = PBXGroup;
			children = (
				3F0B82DE28387DAA00BB4B79 /* UIDrawerControllerDemo */,
				3F0B82BE28387D5F00BB4B79 /* Products */,
			);
			sourceTree = "<group>";
		};
		3F0B82BE28387D5F00BB4B79 /* Products */ = {
			isa = PBXGroup;
			children = (
				3F0B82DD28387DAA00BB4B79 /* UIDrawerControllerDemo.app */,
			);
			name = Products;
			sourceTree = "<group>";
		};
		3F0B82DE28387DAA00BB4B79 /* UIDrawerControllerDemo */ = {
			isa = PBXGroup;
			children = (
				3F0B82DF28387DAA00BB4B79 /* AppDelegate.h */,
				3F0B82E028387DAA00BB4B79 /* AppDelegate.m */,
				3F0B82E528387DAA00BB4B79 /* ViewController.h */,
				3F0B82E628387DAA00BB4B79 /* ViewController.m */,
				3F0B82F92838814500BB4B79 /* ListViewController.h */,
				3F0B82FA2838814500BB4B79 /* ListViewController.m */,
				3F0B82EB28387DAB00BB4B79 /* Assets.xcassets */,
				3F0B82ED28387DAB00BB4B79 /* LaunchScreen.storyboard */,
				3F0B82F028387DAB00BB4B79 /* Info.plist */,
				3F0B82F128387DAB00BB4B79 /* main.m */,
				3F0B82F628387E3D00BB4B79 /* UIDrawerController.h */,
				3F0B82F728387E3D00BB4B79 /* UIDrawerController.m */,
				3F0B82FC2838837700BB4B79 /* UIView+Frame.h */,
				3F0B82FD2838837700BB4B79 /* UIView+Frame.m */,
			);
			path = UIDrawerControllerDemo;
			sourceTree = "<group>";
		};
/* End PBXGroup section */

/* Begin PBXNativeTarget section */
		3F0B82DC28387DAA00BB4B79 /* UIDrawerControllerDemo */ = {
			isa = PBXNativeTarget;
			buildConfigurationList = 3F0B82F328387DAB00BB4B79 /* Build configuration list for PBXNativeTarget "UIDrawerControllerDemo" */;
			buildPhases = (
				3F0B82D928387DAA00BB4B79 /* Sources */,
				3F0B82DA28387DAA00BB4B79 /* Frameworks */,
				3F0B82DB28387DAA00BB4B79 /* Resources */,
			);
			buildRules = (
			);
			dependencies = (
			);
			name = UIDrawerControllerDemo;
			productName = UIDrawerControllerDemo;
			productReference = 3F0B82DD28387DAA00BB4B79 /* UIDrawerControllerDemo.app */;
			productType = "com.apple.product-type.application";
		};
/* End PBXNativeTarget section */

/* Begin PBXProject section */
		3F0B82B528387D5F00BB4B79 /* Project object */ = {
			isa = PBXProject;
			attributes = {
				BuildIndependentTargetsInParallel = 1;
				LastUpgradeCheck = 1330;
				TargetAttributes = {
					3F0B82DC28387DAA00BB4B79 = {
						CreatedOnToolsVersion = 13.3.1;
					};
				};
			};
			buildConfigurationList = 3F0B82B828387D5F00BB4B79 /* Build configuration list for PBXProject "UIDrawerController" */;
			compatibilityVersion = "Xcode 13.0";
			developmentRegion = en;
			hasScannedForEncodings = 0;
			knownRegions = (
				en,
				Base,
			);
			mainGroup = 3F0B82B428387D5F00BB4B79;
			productRefGroup = 3F0B82BE28387D5F00BB4B79 /* Products */;
			projectDirPath = "";
			projectRoot = "";
			targets = (
				3F0B82DC28387DAA00BB4B79 /* UIDrawerControllerDemo */,
			);
		};
/* End PBXProject section */

/* Begin PBXResourcesBuildPhase section */
		3F0B82DB28387DAA00BB4B79 /* Resources */ = {
			isa = PBXResourcesBuildPhase;
			buildActionMask = 2147483647;
			files = (
				3F0B82EF28387DAB00BB4B79 /* LaunchScreen.storyboard in Resources */,
				3F0B82EC28387DAB00BB4B79 /* Assets.xcassets in Resources */,
			);
			runOnlyForDeploymentPostprocessing = 0;
		};
/* End PBXResourcesBuildPhase section */

/* Begin PBXSourcesBuildPhase section */
		3F0B82D928387DAA00BB4B79 /* Sources */ = {
			isa = PBXSourcesBuildPhase;
			buildActionMask = 2147483647;
			files = (
				3F0B82FE2838837700BB4B79 /* UIView+Frame.m in Sources */,
				3F0B82FB2838814500BB4B79 /* ListViewController.m in Sources */,
				3F0B82E728387DAA00BB4B79 /* ViewController.m in Sources */,
				3F0B82F828387E3D00BB4B79 /* UIDrawerController.m in Sources */,
				3F0B82E128387DAA00BB4B79 /* AppDelegate.m in Sources */,
				3F0B82F228387DAB00BB4B79 /* main.m in Sources */,
			);
			runOnlyForDeploymentPostprocessing = 0;
		};
/* End PBXSourcesBuildPhase section */

/* Begin PBXVariantGroup section */
		3F0B82ED28387DAB00BB4B79 /* LaunchScreen.storyboard */ = {
			isa = PBXVariantGroup;
			children = (
				3F0B82EE28387DAB00BB4B79 /* Base */,
			);
			name = LaunchScreen.storyboard;
			sourceTree = "<group>";
		};
/* End PBXVariantGroup section */

/* Begin XCBuildConfiguration section */
		3F0B82D428387D5F00BB4B79 /* Debug */ = {
			isa = XCBuildConfiguration;
			buildSettings = {
				ALWAYS_SEARCH_USER_PATHS = NO;
				CLANG_ANALYZER_NONNULL = YES;
				CLANG_ANALYZER_NUMBER_OBJECT_CONVERSION = YES_AGGRESSIVE;
				CLANG_CXX_LANGUAGE_STANDARD = "gnu++17";
				CLANG_ENABLE_MODULES = YES;
				CLANG_ENABLE_OBJC_ARC = YES;
				CLANG_ENABLE_OBJC_WEAK = YES;
				CLANG_WARN_BLOCK_CAPTURE_AUTORELEASING = YES;
				CLANG_WARN_BOOL_CONVERSION = YES;
				CLANG_WARN_COMMA = YES;
				CLANG_WARN_CONSTANT_CONVERSION = YES;
				CLANG_WARN_DEPRECATED_OBJC_IMPLEMENTATIONS = YES;
				CLANG_WARN_DIRECT_OBJC_ISA_USAGE = YES_ERROR;
				CLANG_WARN_DOCUMENTATION_COMMENTS = YES;
				CLANG_WARN_EMPTY_BODY = YES;
				CLANG_WARN_ENUM_CONVERSION = YES;
				CLANG_WARN_INFINITE_RECURSION = YES;
				CLANG_WARN_INT_CONVERSION = YES;
				CLANG_WARN_NON_LITERAL_NULL_CONVERSION = YES;
				CLANG_WARN_OBJC_IMPLICIT_RETAIN_SELF = YES;
				CLANG_WARN_OBJC_LITERAL_CONVERSION = YES;
				CLANG_WARN_OBJC_ROOT_CLASS = YES_ERROR;
				CLANG_WARN_QUOTED_INCLUDE_IN_FRAMEWORK_HEADER = YES;
				CLANG_WARN_RANGE_LOOP_ANALYSIS = YES;
				CLANG_WARN_STRICT_PROTOTYPES = YES;
				CLANG_WARN_SUSPICIOUS_MOVE = YES;
				CLANG_WARN_UNGUARDED_AVAILABILITY = YES_AGGRESSIVE;
				CLANG_WARN_UNREACHABLE_CODE = YES;
				CLANG_WARN__DUPLICATE_METHOD_MATCH = YES;
				COPY_PHASE_STRIP = NO;
				DEBUG_INFORMATION_FORMAT = dwarf;
				ENABLE_STRICT_OBJC_MSGSEND = YES;
				ENABLE_TESTABILITY = YES;
				GCC_C_LANGUAGE_STANDARD = gnu11;
				GCC_DYNAMIC_NO_PIC = NO;
				GCC_NO_COMMON_BLOCKS = YES;
				GCC_OPTIMIZATION_LEVEL = 0;
				GCC_PREPROCESSOR_DEFINITIONS = (
					"DEBUG=1",
					"$(inherited)",
				);
				GCC_WARN_64_TO_32_BIT_CONVERSION = YES;
				GCC_WARN_ABOUT_RETURN_TYPE = YES_ERROR;
				GCC_WARN_UNDECLARED_SELECTOR = YES;
				GCC_WARN_UNINITIALIZED_AUTOS = YES_AGGRESSIVE;
				GCC_WARN_UNUSED_FUNCTION = YES;
				GCC_WARN_UNUSED_VARIABLE = YES;
				IPHONEOS_DEPLOYMENT_TARGET = 15.4;
				MTL_ENABLE_DEBUG_INFO = INCLUDE_SOURCE;
				MTL_FAST_MATH = YES;
				ONLY_ACTIVE_ARCH = YES;
				SDKROOT = iphoneos;
			};
			name = Debug;
		};
		3F0B82D528387D5F00BB4B79 /* Release */ = {
			isa = XCBuildConfiguration;
			buildSettings = {
				ALWAYS_SEARCH_USER_PATHS = NO;
				CLANG_ANALYZER_NONNULL = YES;
				CLANG_ANALYZER_NUMBER_OBJECT_CONVERSION = YES_AGGRESSIVE;
				CLANG_CXX_LANGUAGE_STANDARD = "gnu++17";
				CLANG_ENABLE_MODULES = YES;
				CLANG_ENABLE_OBJC_ARC = YES;
				CLANG_ENABLE_OBJC_WEAK = YES;
				CLANG_WARN_BLOCK_CAPTURE_AUTORELEASING = YES;
				CLANG_WARN_BOOL_CONVERSION = YES;
				CLANG_WARN_COMMA = YES;
				CLANG_WARN_CONSTANT_CONVERSION = YES;
				CLANG_WARN_DEPRECATED_OBJC_IMPLEMENTATIONS = YES;
				CLANG_WARN_DIRECT_OBJC_ISA_USAGE = YES_ERROR;
				CLANG_WARN_DOCUMENTATION_COMMENTS = YES;
				CLANG_WARN_EMPTY_BODY = YES;
				CLANG_WARN_ENUM_CONVERSION = YES;
				CLANG_WARN_INFINITE_RECURSION = YES;
				CLANG_WARN_INT_CONVERSION = YES;
				CLANG_WARN_NON_LITERAL_NULL_CONVERSION = YES;
				CLANG_WARN_OBJC_IMPLICIT_RETAIN_SELF = YES;
				CLANG_WARN_OBJC_LITERAL_CONVERSION = YES;
				CLANG_WARN_OBJC_ROOT_CLASS = YES_ERROR;
				CLANG_WARN_QUOTED_INCLUDE_IN_FRAMEWORK_HEADER = YES;
				CLANG_WARN_RANGE_LOOP_ANALYSIS = YES;
				CLANG_WARN_STRICT_PROTOTYPES = YES;
				CLANG_WARN_SUSPICIOUS_MOVE = YES;
				CLANG_WARN_UNGUARDED_AVAILABILITY = YES_AGGRESSIVE;
				CLANG_WARN_UNREACHABLE_CODE = YES;
				CLANG_WARN__DUPLICATE_METHOD_MATCH = YES;
				COPY_PHASE_STRIP = NO;
				DEBUG_INFORMATION_FORMAT = "dwarf-with-dsym";
				ENABLE_NS_ASSERTIONS = NO;
				ENABLE_STRICT_OBJC_MSGSEND = YES;
				GCC_C_LANGUAGE_STANDARD = gnu11;
				GCC_NO_COMMON_BLOCKS = YES;
				GCC_WARN_64_TO_32_BIT_CONVERSION = YES;
				GCC_WARN_ABOUT_RETURN_TYPE = YES_ERROR;
				GCC_WARN_UNDECLARED_SELECTOR = YES;
				GCC_WARN_UNINITIALIZED_AUTOS = YES_AGGRESSIVE;
				GCC_WARN_UNUSED_FUNCTION = YES;
				GCC_WARN_UNUSED_VARIABLE = YES;
				IPHONEOS_DEPLOYMENT_TARGET = 15.4;
				MTL_ENABLE_DEBUG_INFO = NO;
				MTL_FAST_MATH = YES;
				SDKROOT = iphoneos;
				VALIDATE_PRODUCT = YES;
			};
			name = Release;
		};
		3F0B82F428387DAB00BB4B79 /* Debug */ = {
			isa = XCBuildConfiguration;
			buildSettings = {
				ASSETCATALOG_COMPILER_APPICON_NAME = AppIcon;
				ASSETCATALOG_COMPILER_GLOBAL_ACCENT_COLOR_NAME = AccentColor;
				CODE_SIGN_STYLE = Automatic;
				CURRENT_PROJECT_VERSION = 1;
				DEVELOPMENT_TEAM = 86JSFRSCH9;
				GENERATE_INFOPLIST_FILE = YES;
				INFOPLIST_FILE = UIDrawerControllerDemo/Info.plist;
				INFOPLIST_KEY_UIApplicationSupportsIndirectInputEvents = YES;
				INFOPLIST_KEY_UILaunchStoryboardName = LaunchScreen;
				INFOPLIST_KEY_UISupportedInterfaceOrientations_iPad = "UIInterfaceOrientationPortrait UIInterfaceOrientationPortraitUpsideDown UIInterfaceOrientationLandscapeLeft UIInterfaceOrientationLandscapeRight";
				INFOPLIST_KEY_UISupportedInterfaceOrientations_iPhone = "UIInterfaceOrientationPortrait UIInterfaceOrientationLandscapeLeft UIInterfaceOrientationLandscapeRight";
				LD_RUNPATH_SEARCH_PATHS = (
					"$(inherited)",
					"@executable_path/Frameworks",
				);
				MARKETING_VERSION = 1.0;
				PRODUCT_BUNDLE_IDENTIFIER = com.jane.UIDrawerControllerDemo;
				PRODUCT_NAME = "$(TARGET_NAME)";
				SWIFT_EMIT_LOC_STRINGS = YES;
				TARGETED_DEVICE_FAMILY = "1,2";
			};
			name = Debug;
		};
		3F0B82F528387DAB00BB4B79 /* Release */ = {
			isa = XCBuildConfiguration;
			buildSettings = {
				ASSETCATALOG_COMPILER_APPICON_NAME = AppIcon;
				ASSETCATALOG_COMPILER_GLOBAL_ACCENT_COLOR_NAME = AccentColor;
				CODE_SIGN_STYLE = Automatic;
				CURRENT_PROJECT_VERSION = 1;
				DEVELOPMENT_TEAM = 86JSFRSCH9;
				GENERATE_INFOPLIST_FILE = YES;
				INFOPLIST_FILE = UIDrawerControllerDemo/Info.plist;
				INFOPLIST_KEY_UIApplicationSupportsIndirectInputEvents = YES;
				INFOPLIST_KEY_UILaunchStoryboardName = LaunchScreen;
				INFOPLIST_KEY_UISupportedInterfaceOrientations_iPad = "UIInterfaceOrientationPortrait UIInterfaceOrientationPortraitUpsideDown UIInterfaceOrientationLandscapeLeft UIInterfaceOrientationLandscapeRight";
				INFOPLIST_KEY_UISupportedInterfaceOrientations_iPhone = "UIInterfaceOrientationPortrait UIInterfaceOrientationLandscapeLeft UIInterfaceOrientationLandscapeRight";
				LD_RUNPATH_SEARCH_PATHS = (
					"$(inherited)",
					"@executable_path/Frameworks",
				);
				MARKETING_VERSION = 1.0;
				PRODUCT_BUNDLE_IDENTIFIER = com.jane.UIDrawerControllerDemo;
				PRODUCT_NAME = "$(TARGET_NAME)";
				SWIFT_EMIT_LOC_STRINGS = YES;
				TARGETED_DEVICE_FAMILY = "1,2";
			};
			name = Release;
		};
/* End XCBuildConfiguration section */

/* Begin XCConfigurationList section */
		3F0B82B828387D5F00BB4B79 /* Build configuration list for PBXProject "UIDrawerController" */ = {
			isa = XCConfigurationList;
			buildConfigurations = (
				3F0B82D428387D5F00BB4B79 /* Debug */,
				3F0B82D528387D5F00BB4B79 /* Release */,
			);
			defaultConfigurationIsVisible = 0;
			defaultConfigurationName = Release;
		};
		3F0B82F328387DAB00BB4B79 /* Build configuration list for PBXNativeTarget "UIDrawerControllerDemo" */ = {
			isa = XCConfigurationList;
			buildConfigurations = (
				3F0B82F428387DAB00BB4B79 /* Debug */,
				3F0B82F528387DAB00BB4B79 /* Release */,
			);
			defaultConfigurationIsVisible = 0;
			defaultConfigurationName = Release;
		};
/* End XCConfigurationList section */
	};
	rootObject = 3F0B82B528387D5F00BB4B79 /* Project object */;
}
